
Microsoft Visual Studio Solution File, Format Version 12.00
# Visual Studio 15
VisualStudioVersion = 15.0.28307.421
MinimumVisualStudioVersion = 10.0.40219.1
Project("{8BC9CEB8-8B4A-11D0-8D11-00A0C91BC942}") = "AccountManagement", "AccountManagement\AccountManagement.vcxproj", "{DE280772-9D21-49D9-9C20-A6139F0A767E}"
EndProject
Global
	GlobalSection(SolutionConfigurationPlatforms) = preSolution
		Debug|x64 = Debug|x64
		Debug|x86 = Debug|x86
		Release|x64 = Release|x64
		Release|x86 = Release|x86
	EndGlobalSection
	GlobalSection(ProjectConfigurationPlatforms) = postSolution
		{DE280772-9D21-49D9-9C20-A6139F0A767E}.Debug|x64.ActiveCfg = Debug|x64
		{DE280772-9D21-49D9-9C20-A6139F0A767E}.Debug|x64.Build.0 = Debug|x64
		{DE280772-9D21-49D9-9C20-A6139F0A767E}.Debug|x86.ActiveCfg = Debug|Win32
		{DE280772-9D21-49D9-9C20-A6139F0A767E}.Debug|x86.Build.0 = Debug|Win32
		{DE280772-9D21-49D9-9C20-A6139F0A767E}.Release|x64.ActiveCfg = Release|x64
		{DE280772-9D21-49D9-9C20-A6139F0A767E}.Release|x64.Build.0 = Release|x64
		{DE280772-9D21-49D9-9C20-A6139F0A767E}.Release|x86.ActiveCfg = Release|Win32
		{DE280772-9D21-49D9-9C20-A6139F0A767E}.Release|x86.Build.0 = Release|Win32
	EndGlobalSection
	GlobalSection(SolutionProperties) = preSolution
		HideSolutionNode = FALSE
	EndGlobalSection
	GlobalSection(ExtensibilityGlobals) = postSolution
		SolutionGuid = {4D4F813F-78C3-42C8-B611-9234A5EB5BB3}
	EndGlobalSection
EndGlobal
